
Microsoft Visual Studio Solution File, Format Version 11.00
# Visual Studio 2010
Project("{F184B08F-C81C-45F6-A57F-5ABD9991F28F}") = "SwathProfiler_ArcMap_Addin", "SwathProfiler_ArcMap_Addin\SwathProfiler_ArcMap_Addin.vbproj", "{7D6CCCF7-FDC2-42EB-9823-32362ABD2503}"
EndProject
Global
	GlobalSection(SolutionConfigurationPlatforms) = preSolution
		Debug|Any CPU = Debug|Any CPU
		Release|Any CPU = Release|Any CPU
	EndGlobalSection
	GlobalSection(ProjectConfigurationPlatforms) = postSolution
		{7D6CCCF7-FDC2-42EB-9823-32362ABD2503}.Debug|Any CPU.ActiveCfg = Debug|Any CPU
		{7D6CCCF7-FDC2-42EB-9823-32362ABD2503}.Debug|Any CPU.Build.0 = Debug|Any CPU
		{7D6CCCF7-FDC2-42EB-9823-32362ABD2503}.Release|Any CPU.ActiveCfg = Release|Any CPU
		{7D6CCCF7-FDC2-42EB-9823-32362ABD2503}.Release|Any CPU.Build.0 = Release|Any CPU
	EndGlobalSection
	GlobalSection(SolutionProperties) = preSolution
		HideSolutionNode = FALSE
	EndGlobalSection
EndGlobal
